
Microsoft Visual Studio Solution File, Format Version 12.00
# Visual Studio Version 17
VisualStudioVersion = 17.13.35825.156 d17.13
MinimumVisualStudioVersion = 10.0.40219.1
Project("{FAE04EC0-301F-11D3-BF4B-00C04F79EFBC}") = "ExplodeAssembly", "ExplodeAssembly\ExplodeAssembly.csproj", "{62557175-8574-4422-B79E-798D62E0D5DE}"
EndProject
Global
	GlobalSection(SolutionConfigurationPlatforms) = preSolution
		Debug|Any CPU = Debug|Any CPU
		Release|Any CPU = Release|Any CPU
	EndGlobalSection
	GlobalSection(ProjectConfigurationPlatforms) = postSolution
		{62557175-8574-4422-B79E-798D62E0D5DE}.Debug|Any CPU.ActiveCfg = Debug|Any CPU
		{62557175-8574-4422-B79E-798D62E0D5DE}.Debug|Any CPU.Build.0 = Debug|Any CPU
		{62557175-8574-4422-B79E-798D62E0D5DE}.Release|Any CPU.ActiveCfg = Release|Any CPU
		{62557175-8574-4422-B79E-798D62E0D5DE}.Release|Any CPU.Build.0 = Release|Any CPU
	EndGlobalSection
	GlobalSection(SolutionProperties) = preSolution
		HideSolutionNode = FALSE
	EndGlobalSection
	GlobalSection(ExtensibilityGlobals) = postSolution
		SolutionGuid = {6A607625-3288-4BD4-9215-04672CB7A2A6}
	EndGlobalSection
EndGlobal
